
Microsoft Visual Studio Solution File, Format Version 12.00
Project("{FAE04EC0-301F-11D3-BF4B-00C04F79EFBC}") = "CLIinterface", "CLIinterface\CLIinterface.csproj", "{2684C287-ACEF-4DFB-86AB-9714DAD38316}"
EndProject
Project("{FAE04EC0-301F-11D3-BF4B-00C04F79EFBC}") = "DataBaseManager", "DataBaseManager\DataBaseManager.csproj", "{298C1251-4950-4D10-9258-B48BCED5676B}"
EndProject
Project("{FAE04EC0-301F-11D3-BF4B-00C04F79EFBC}") = "CommonHR", "CommonHR\CommonHR.csproj", "{B0D0650F-037D-499A-8DAD-06F02EA292B2}"
EndProject
Global
	GlobalSection(SolutionConfigurationPlatforms) = preSolution
		Debug|Any CPU = Debug|Any CPU
		Release|Any CPU = Release|Any CPU
	EndGlobalSection
	GlobalSection(ProjectConfigurationPlatforms) = postSolution
		{2684C287-ACEF-4DFB-86AB-9714DAD38316}.Debug|Any CPU.ActiveCfg = Debug|Any CPU
		{2684C287-ACEF-4DFB-86AB-9714DAD38316}.Debug|Any CPU.Build.0 = Debug|Any CPU
		{2684C287-ACEF-4DFB-86AB-9714DAD38316}.Release|Any CPU.ActiveCfg = Release|Any CPU
		{2684C287-ACEF-4DFB-86AB-9714DAD38316}.Release|Any CPU.Build.0 = Release|Any CPU
		{298C1251-4950-4D10-9258-B48BCED5676B}.Debug|Any CPU.ActiveCfg = Debug|Any CPU
		{298C1251-4950-4D10-9258-B48BCED5676B}.Debug|Any CPU.Build.0 = Debug|Any CPU
		{298C1251-4950-4D10-9258-B48BCED5676B}.Release|Any CPU.ActiveCfg = Release|Any CPU
		{298C1251-4950-4D10-9258-B48BCED5676B}.Release|Any CPU.Build.0 = Release|Any CPU
		{B0D0650F-037D-499A-8DAD-06F02EA292B2}.Debug|Any CPU.ActiveCfg = Debug|Any CPU
		{B0D0650F-037D-499A-8DAD-06F02EA292B2}.Debug|Any CPU.Build.0 = Debug|Any CPU
		{B0D0650F-037D-499A-8DAD-06F02EA292B2}.Release|Any CPU.ActiveCfg = Release|Any CPU
		{B0D0650F-037D-499A-8DAD-06F02EA292B2}.Release|Any CPU.Build.0 = Release|Any CPU
	EndGlobalSection
EndGlobal
